# SPDX-FileCopyrightText: 2025 Knitli Inc.
        # SPDX-FileContributor: Adam Poulemanos <adam@knit.li>
        #
        # SPDX-License-Identifier: MIT OR Apache-2.0
        # This file is auto-generated by scripts/fetch_grammars.py.
        # Don't edit it manually.


[[parsers]]
parser = "bash"

[parsers.repo]
language = "bash"
repo = "tree-sitter/tree-sitter-bash"
branch = "master"
keep_dir = "src"
rev = "56b54c61fb48bce0c63e3dfa2240b5d274384763"
sha256 = "f00112de0b91a965e29baf6235959e8c199b35141427f23b4d63a51481ac7fe6"
directory = "parsers/bash"
license = ""
license_file = "parsers/bash/LICENSE"

[[parsers]]
parser = "c"

[parsers.repo]
language = "c"
repo = "tree-sitter/tree-sitter-c"
branch = "master"
keep_dir = "src"
rev = "7fa1be1b694b6e763686793d97da01f36a0e5c12"
sha256 = "59d12f7fd9759f70e973a4e8d20e3b7e237f94174fef88f51ccdced2720950fe"
directory = "parsers/c"
license = ""
license_file = "parsers/c/LICENSE"

[[parsers]]
parser = "cpp"

[parsers.repo]
language = "cpp"
repo = "tree-sitter/tree-sitter-cpp"
branch = "master"
keep_dir = "src"
rev = "5cb9b693cfd7bfacab1d9ff4acac1a4150700609"
sha256 = "787b341f7d796fb89d0dc1fa399833d89275dd866e456026bb222456dd6fac9c"
directory = "parsers/cpp"
license = ""
license_file = "parsers/cpp/LICENSE"

[[parsers]]
parser = "csharp"

[parsers.repo]
language = "csharp"
repo = "tree-sitter/tree-sitter-c-sharp"
branch = "master"
keep_dir = "src"
rev = "3431444351c871dffb32654f1299a00019280f2f"
sha256 = "c0b7433cd4ae6f2cfc904bc317e67c83f1fad1e9dcd715d61893a0f5dc76b6e1"
directory = "parsers/csharp"
license = ""
license_file = "parsers/csharp/LICENSE"

[[parsers]]
parser = "css"

[parsers.repo]
language = "css"
repo = "tree-sitter/tree-sitter-css"
branch = "master"
keep_dir = "src"
rev = "6e327db434fec0ee90f006697782e43ec855adf5"
sha256 = "e9b55c0c05fc995577ca43a5314ce84c1d6daaea9bb53a6f2c910a24b0546fa8"
directory = "parsers/css"
license = ""
license_file = "parsers/css/LICENSE"

[[parsers]]
parser = "elixir"

[parsers.repo]
language = "elixir"
repo = "elixir-lang/tree-sitter-elixir"
branch = "main"
keep_dir = "src"
rev = "b848e63e9f2a68accff0332392f07582c046295a"
sha256 = "6775948870221433d40426b90cdb2c2b2b409532abdd03a4266416a1cf717418"
directory = "parsers/elixir"
license = ""
license_file = "parsers/elixir/LICENSE"

[[parsers]]
parser = "go"

[parsers.repo]
language = "go"
repo = "tree-sitter/tree-sitter-go"
branch = "master"
keep_dir = "src"
rev = "5e73f476efafe5c768eda19bbe877f188ded6144"
sha256 = "4ed6aa14648da31c19cbbe0792b94bb8fd37c49f180dcaf7a8b7cd22cd384ec1"
directory = "parsers/go"
license = ""
license_file = "parsers/go/LICENSE"

[[parsers]]
parser = "haskell"

[parsers.repo]
language = "haskell"
repo = "tree-sitter/tree-sitter-haskell"
branch = "master"
keep_dir = "src"
rev = "0975ef72fc3c47b530309ca93937d7d143523628"
sha256 = "2a89d26c00ee9364fdb8b06be0645f55fb728e9628ec3809f19aa1296065889d"
directory = "parsers/haskell"
license = ""
license_file = "parsers/haskell/LICENSE"

[[parsers]]
parser = "html"

[parsers.repo]
language = "html"
repo = "tree-sitter/tree-sitter-html"
branch = "master"
keep_dir = "src"
rev = "cbb91a0ff3621245e890d1c50cc811bffb77a26b"
sha256 = "92b62c661acfce4137c3f2dd318dd85fed077ce09853b206c963d2e7ca6176d9"
directory = "parsers/html"
license = ""
license_file = "parsers/html/LICENSE"

[[parsers]]
parser = "java"

[parsers.repo]
language = "java"
repo = "tree-sitter/tree-sitter-java"
branch = "master"
keep_dir = "src"
rev = "a7db5227ec40fcfe94489559d8c9bc7c8181e25a"
sha256 = "456bb4e77bed86b8f3344209ff703dddb7a240b9d6bb76972150686826a6a440"
directory = "parsers/java"
license = ""
license_file = "parsers/java/LICENSE"

[[parsers]]
parser = "javascript"

[parsers.repo]
language = "javascript"
repo = "tree-sitter/tree-sitter-javascript"
branch = "master"
keep_dir = "src"
rev = "6fbef40512dcd9f0a61ce03a4c9ae7597b36ab5c"
sha256 = "d2c09c8d792943afa9f2c4998e35f20cae229e11fab7bf753570261538ba4267"
directory = "parsers/javascript"
license = ""
license_file = "parsers/javascript/LICENSE"

[[parsers]]
parser = "json"

[parsers.repo]
language = "json"
repo = "tree-sitter/tree-sitter-json"
branch = "master"
keep_dir = "src"
rev = "46aa487b3ade14b7b05ef92507fdaa3915a662a3"
sha256 = "a60a4a4ee67ee1795112ff91328bab69324c00e3427401a93c8e835428641085"
directory = "parsers/json"
license = ""
license_file = "parsers/json/LICENSE"

[[parsers]]
parser = "kotlin"

[parsers.repo]
language = "kotlin"
repo = "tree-sitter-grammars/tree-sitter-kotlin"
branch = "master"
keep_dir = "src"
rev = "3dea6dfa9c0129deb7c4315afbda806c85c41667"
sha256 = "0272ad03a09ab37b7b0ca85d3dee846b158010ce36d765892e23f251623a2b8a"
directory = "parsers/kotlin"
license = ""
license_file = "parsers/kotlin/LICENSE"

[[parsers]]
parser = "lua"

[parsers.repo]
language = "lua"
repo = "tree-sitter-grammars/tree-sitter-lua"
branch = "main"
keep_dir = "src"
rev = "d76023017f7485eae629cb60d406c7a1ca0f40c9"
sha256 = "084f1b9c09bb21e9f99708cad74f3f77aa565a75b90f10e6682c33388e94b461"
directory = "parsers/lua"
license = ""
license_file = "parsers/lua/LICENSE.md"

[[parsers]]
parser = "nix"

[parsers.repo]
language = "nix"
repo = "nix-community/tree-sitter-nix"
branch = "master"
keep_dir = "src"
rev = "ea1d87f7996be1329ef6555dcacfa63a69bd55c6"
sha256 = "8c031d9428ae4a581bc9018392b4e615d61bb645b540f367c4e4d62b5adce0b7"
directory = "parsers/nix"
license = ""
license_file = "parsers/nix/LICENSE"

[[parsers]]
parser = "php"

[parsers.repo]
language = "php"
repo = "tree-sitter/tree-sitter-php"
branch = "master"
keep_dir = "php/src"
rev = "b2278dbac9d58b02653fe6a8530ccebc492e4ed4"
sha256 = "5cbe4c6d39ad4c742890a9a593f789f0b960f511753c17c3b1c4ec62db863767"
directory = "parsers/php"
license = ""
license_file = "parsers/php/LICENSE"

[[parsers]]
parser = "php_strict"

[parsers.repo]
language = "php_strict"
repo = "tree-sitter/tree-sitter-php"
branch = "master"
keep_dir = "php_only/src"
rev = "b2278dbac9d58b02653fe6a8530ccebc492e4ed4"
sha256 = "0139a33d47da802927bc0f7a7aafd8c397a406e7ea19f67a3bac90a4139f47e6"
directory = "parsers/php_strict"
license = ""
license_file = "parsers/php_strict/LICENSE"

[[parsers]]
parser = "python"

[parsers.repo]
language = "python"
repo = "tree-sitter/tree-sitter-python"
branch = "master"
keep_dir = "src"
rev = "710796b8b877a970297106e5bbc8e2afa47f86ec"
sha256 = "ef6b75a57a74089874525b38b06f68a43799f946daf5737035830999713de576"
directory = "parsers/python"
license = ""
license_file = "parsers/python/LICENSE"

[[parsers]]
parser = "ruby"

[parsers.repo]
language = "ruby"
repo = "tree-sitter/tree-sitter-ruby"
branch = "master"
keep_dir = "src"
rev = "89bd7a8e5450cb6a942418a619d30469f259e5d6"
sha256 = "f7c90fd532f5da4d17cb65962f79bf6e3e0aeaae38c832f95f1ea80f4b4f6079"
directory = "parsers/ruby"
license = ""
license_file = "parsers/ruby/LICENSE"

[[parsers]]
parser = "rust"

[parsers.repo]
language = "rust"
repo = "tree-sitter/tree-sitter-rust"
branch = "master"
keep_dir = "src"
rev = "3691201b01cacb2f96ffca4c632c4e938bfacd88"
sha256 = "a095de20369d9bb47d3c5b15ee7e4f5beafb7d7ca5b16650ef336885dc79728d"
directory = "parsers/rust"
license = ""
license_file = "parsers/rust/LICENSE"

[[parsers]]
parser = "scala"

[parsers.repo]
language = "scala"
repo = "tree-sitter/tree-sitter-scala"
branch = "master"
keep_dir = "src"
rev = "97aead18d97708190a51d4f551ea9b05b60641c9"
sha256 = "8309271a73d0d98f38cf14a0e2cd476661dce084fb4bfc92b9e9e489cb01dbce"
directory = "parsers/scala"
license = ""
license_file = "parsers/scala/LICENSE"

[[parsers]]
parser = "solidity"

[parsers.repo]
language = "solidity"
repo = "JoranHonig/tree-sitter-solidity"
branch = "master"
keep_dir = "src"
rev = "4e938a46c7030dd001bc99e1ac0f0c750ac98254"
sha256 = "3346290a028cd89bb9484194baec907ad7e73518834d4f2f1d372bae5e634e4c"
directory = "parsers/solidity"
license = "MIT"
license_file = "parsers/solidity/LICENSE"

[[parsers]]
parser = "swift"

[parsers.repo]
language = "swift"
repo = "alex-pinkus/tree-sitter-swift"
branch = "main"
keep_dir = "src"
rev = "78d84ef82c387fceeb6094038da28717ea052e39"
sha256 = "cc40873bf7ae66c422068e73568641bfcd946250857f69b82380a1e1b0abaf29"
directory = "parsers/swift"
license = ""
license_file = "parsers/swift/LICENSE"

[[parsers]]
parser = "typescript"

[parsers.repo]
language = "typescript"
repo = "tree-sitter/tree-sitter-typescript"
branch = "master"
keep_dir = "typescript/src"
rev = "75b3874edb2dc714fb1fd77a32013d0f8699989f"
sha256 = "0ba585ff151474ea20bfee7cffa3fdee4137c21941c116b5d1357b460d20d998"
directory = "parsers/typescript"
license = ""
license_file = "parsers/typescript/LICENSE"

[[parsers]]
parser = "tsx"

[parsers.repo]
language = "tsx"
repo = "tree-sitter/tree-sitter-typescript"
branch = "master"
keep_dir = "tsx/src"
rev = "75b3874edb2dc714fb1fd77a32013d0f8699989f"
sha256 = "f9cda4837d0667cc309a78c68de3035021d264e632b36ecd539a0079caaab5f1"
directory = "parsers/tsx"
license = ""
license_file = "parsers/tsx/LICENSE"

[[parsers]]
parser = "yaml"

[parsers.repo]
language = "yaml"
repo = "tree-sitter-grammars/tree-sitter-yaml"
branch = "master"
keep_dir = "src"
rev = "3431ec21da1dde751bab55520963cf3a4f1121f3"
sha256 = "2ec7547337ec389b8fdaaf75bed9efa313c3c40c260468f7681b3a7381761b69"
directory = "parsers/yaml"
license = ""
license_file = "parsers/yaml/LICENSE"
